
Microsoft Visual Studio Solution File, Format Version 12.00
# Visual Studio Version 16
VisualStudioVersion = 16.0.32630.194
MinimumVisualStudioVersion = 10.0.40219.1
Project("{FAE04EC0-301F-11D3-BF4B-00C04F79EFBC}") = "StokTakip.Dal", "StokTakip.Dal\StokTakip.Dal.csproj", "{F6BB7003-4E0A-4618-B71E-55DBF10B4ACD}"
EndProject
Project("{FAE04EC0-301F-11D3-BF4B-00C04F79EFBC}") = "StokTakip.Bll", "StokTakip.Bll\StokTakip.Bll.csproj", "{11590067-5376-4EF1-848B-F1BFBAA2D56E}"
EndProject
Project("{FAE04EC0-301F-11D3-BF4B-00C04F79EFBC}") = "StokTakip.Mvc", "StokTakip.Mvc\StokTakip.Mvc.csproj", "{7C4EE504-379B-494C-A995-850B999C62B2}"
EndProject
Global
	GlobalSection(SolutionConfigurationPlatforms) = preSolution
		Debug|Any CPU = Debug|Any CPU
		Release|Any CPU = Release|Any CPU
	EndGlobalSection
	GlobalSection(ProjectConfigurationPlatforms) = postSolution
		{F6BB7003-4E0A-4618-B71E-55DBF10B4ACD}.Debug|Any CPU.ActiveCfg = Debug|Any CPU
		{F6BB7003-4E0A-4618-B71E-55DBF10B4ACD}.Debug|Any CPU.Build.0 = Debug|Any CPU
		{F6BB7003-4E0A-4618-B71E-55DBF10B4ACD}.Release|Any CPU.ActiveCfg = Release|Any CPU
		{F6BB7003-4E0A-4618-B71E-55DBF10B4ACD}.Release|Any CPU.Build.0 = Release|Any CPU
		{11590067-5376-4EF1-848B-F1BFBAA2D56E}.Debug|Any CPU.ActiveCfg = Debug|Any CPU
		{11590067-5376-4EF1-848B-F1BFBAA2D56E}.Debug|Any CPU.Build.0 = Debug|Any CPU
		{11590067-5376-4EF1-848B-F1BFBAA2D56E}.Release|Any CPU.ActiveCfg = Release|Any CPU
		{11590067-5376-4EF1-848B-F1BFBAA2D56E}.Release|Any CPU.Build.0 = Release|Any CPU
		{7C4EE504-379B-494C-A995-850B999C62B2}.Debug|Any CPU.ActiveCfg = Debug|Any CPU
		{7C4EE504-379B-494C-A995-850B999C62B2}.Debug|Any CPU.Build.0 = Debug|Any CPU
		{7C4EE504-379B-494C-A995-850B999C62B2}.Release|Any CPU.ActiveCfg = Release|Any CPU
		{7C4EE504-379B-494C-A995-850B999C62B2}.Release|Any CPU.Build.0 = Release|Any CPU
	EndGlobalSection
	GlobalSection(SolutionProperties) = preSolution
		HideSolutionNode = FALSE
	EndGlobalSection
	GlobalSection(ExtensibilityGlobals) = postSolution
		SolutionGuid = {0AAB4A14-DDB7-45D2-AA34-72E4E7C18E22}
	EndGlobalSection
EndGlobal
